
Microsoft Visual Studio Solution File, Format Version 12.00
# Visual Studio Version 16
VisualStudioVersion = 16.0.28803.202
MinimumVisualStudioVersion = 10.0.40219.1
Project("{FAE04EC0-301F-11D3-BF4B-00C04F79EFBC}") = "Assignment4", "Assignment4\Assignment4.csproj", "{E8C68E2B-E5FF-425E-AF5B-60AE027EC1AF}"
EndProject
Global
	GlobalSection(SolutionConfigurationPlatforms) = preSolution
		Debug|Any CPU = Debug|Any CPU
		Release|Any CPU = Release|Any CPU
	EndGlobalSection
	GlobalSection(ProjectConfigurationPlatforms) = postSolution
		{E8C68E2B-E5FF-425E-AF5B-60AE027EC1AF}.Debug|Any CPU.ActiveCfg = Debug|Any CPU
		{E8C68E2B-E5FF-425E-AF5B-60AE027EC1AF}.Debug|Any CPU.Build.0 = Debug|Any CPU
		{E8C68E2B-E5FF-425E-AF5B-60AE027EC1AF}.Release|Any CPU.ActiveCfg = Release|Any CPU
		{E8C68E2B-E5FF-425E-AF5B-60AE027EC1AF}.Release|Any CPU.Build.0 = Release|Any CPU
	EndGlobalSection
	GlobalSection(SolutionProperties) = preSolution
		HideSolutionNode = FALSE
	EndGlobalSection
	GlobalSection(ExtensibilityGlobals) = postSolution
		SolutionGuid = {74D28A32-CFD4-44DC-AABE-71C31EFB0853}
	EndGlobalSection
EndGlobal
